
Microsoft Visual Studio Solution File, Format Version 12.00
# Visual Studio Version 17
VisualStudioVersion = 17.4.33103.184
MinimumVisualStudioVersion = 10.0.40219.1
Project("{FAE04EC0-301F-11D3-BF4B-00C04F79EFBC}") = "Diplom_2023", "Diplom_2023\Diplom_2023.csproj", "{63DC03B8-4B01-48C1-AED5-261980C7B304}"
EndProject
Global
	GlobalSection(SolutionConfigurationPlatforms) = preSolution
		Debug|Any CPU = Debug|Any CPU
		Release|Any CPU = Release|Any CPU
	EndGlobalSection
	GlobalSection(ProjectConfigurationPlatforms) = postSolution
		{63DC03B8-4B01-48C1-AED5-261980C7B304}.Debug|Any CPU.ActiveCfg = Debug|Any CPU
		{63DC03B8-4B01-48C1-AED5-261980C7B304}.Debug|Any CPU.Build.0 = Debug|Any CPU
		{63DC03B8-4B01-48C1-AED5-261980C7B304}.Release|Any CPU.ActiveCfg = Release|Any CPU
		{63DC03B8-4B01-48C1-AED5-261980C7B304}.Release|Any CPU.Build.0 = Release|Any CPU
	EndGlobalSection
	GlobalSection(SolutionProperties) = preSolution
		HideSolutionNode = FALSE
	EndGlobalSection
	GlobalSection(ExtensibilityGlobals) = postSolution
		SolutionGuid = {83E9F40E-C204-4C74-911B-5E5B2DF8D0D4}
	EndGlobalSection
EndGlobal
